
Microsoft Visual Studio Solution File, Format Version 12.00
# Visual Studio Version 17
VisualStudioVersion = 17.4.33213.308
MinimumVisualStudioVersion = 10.0.40219.1
Project("{9A19103F-16F7-4668-BE54-9A1E7A4F7556}") = "AppWithDatabase", "AppWithDatabase.csproj", "{C1E93042-0D40-419A-9671-9C265ACB9787}"
EndProject
Global
	GlobalSection(SolutionConfigurationPlatforms) = preSolution
		Debug|Any CPU = Debug|Any CPU
		Release|Any CPU = Release|Any CPU
	EndGlobalSection
	GlobalSection(ProjectConfigurationPlatforms) = postSolution
		{C1E93042-0D40-419A-9671-9C265ACB9787}.Debug|Any CPU.ActiveCfg = Debug|Any CPU
		{C1E93042-0D40-419A-9671-9C265ACB9787}.Debug|Any CPU.Build.0 = Debug|Any CPU
		{C1E93042-0D40-419A-9671-9C265ACB9787}.Release|Any CPU.ActiveCfg = Release|Any CPU
		{C1E93042-0D40-419A-9671-9C265ACB9787}.Release|Any CPU.Build.0 = Release|Any CPU
	EndGlobalSection
	GlobalSection(SolutionProperties) = preSolution
		HideSolutionNode = FALSE
	EndGlobalSection
	GlobalSection(ExtensibilityGlobals) = postSolution
		SolutionGuid = {4A97276F-3EAB-4B22-A930-B68C692E1A62}
	EndGlobalSection
EndGlobal
